
Microsoft Visual Studio Solution File, Format Version 12.00
# Visual Studio Version 16
VisualStudioVersion = 16.0.30907.101
MinimumVisualStudioVersion = 10.0.40219.1
Project("{FAE04EC0-301F-11D3-BF4B-00C04F79EFBC}") = "SampleTest", "SampleTest\SampleTest.csproj", "{629E24B3-C0AE-4F63-AFB8-52CFF76DF717}"
EndProject
Project("{FAE04EC0-301F-11D3-BF4B-00C04F79EFBC}") = "XUnitTestProject1", "XUnitTestProject1\XUnitTestProject1.csproj", "{BCA85A18-E970-45E2-A035-2E0DFA3278C1}"
EndProject
Global
	GlobalSection(SolutionConfigurationPlatforms) = preSolution
		Debug|Any CPU = Debug|Any CPU
		Release|Any CPU = Release|Any CPU
	EndGlobalSection
	GlobalSection(ProjectConfigurationPlatforms) = postSolution
		{629E24B3-C0AE-4F63-AFB8-52CFF76DF717}.Debug|Any CPU.ActiveCfg = Debug|Any CPU
		{629E24B3-C0AE-4F63-AFB8-52CFF76DF717}.Debug|Any CPU.Build.0 = Debug|Any CPU
		{629E24B3-C0AE-4F63-AFB8-52CFF76DF717}.Release|Any CPU.ActiveCfg = Release|Any CPU
		{629E24B3-C0AE-4F63-AFB8-52CFF76DF717}.Release|Any CPU.Build.0 = Release|Any CPU
		{BCA85A18-E970-45E2-A035-2E0DFA3278C1}.Debug|Any CPU.ActiveCfg = Debug|Any CPU
		{BCA85A18-E970-45E2-A035-2E0DFA3278C1}.Debug|Any CPU.Build.0 = Debug|Any CPU
		{BCA85A18-E970-45E2-A035-2E0DFA3278C1}.Release|Any CPU.ActiveCfg = Release|Any CPU
		{BCA85A18-E970-45E2-A035-2E0DFA3278C1}.Release|Any CPU.Build.0 = Release|Any CPU
	EndGlobalSection
	GlobalSection(SolutionProperties) = preSolution
		HideSolutionNode = FALSE
	EndGlobalSection
	GlobalSection(ExtensibilityGlobals) = postSolution
		SolutionGuid = {434F5C3F-B843-4C23-8677-AE6EFB7B8F87}
	EndGlobalSection
EndGlobal
